
Microsoft Visual Studio Solution File, Format Version 12.00
# Visual Studio 15
VisualStudioVersion = 15.0.28010.0
MinimumVisualStudioVersion = 10.0.40219.1
Project("{FAE04EC0-301F-11D3-BF4B-00C04F79EFBC}") = "WersjonowanieDanych", "WersjonowanieDanych\WersjonowanieDanych.csproj", "{EA83A21E-AA33-46D1-8CC5-4AC667D44607}"
EndProject
Global
	GlobalSection(SolutionConfigurationPlatforms) = preSolution
		Debug|Any CPU = Debug|Any CPU
		Release|Any CPU = Release|Any CPU
	EndGlobalSection
	GlobalSection(ProjectConfigurationPlatforms) = postSolution
		{EA83A21E-AA33-46D1-8CC5-4AC667D44607}.Debug|Any CPU.ActiveCfg = Debug|Any CPU
		{EA83A21E-AA33-46D1-8CC5-4AC667D44607}.Debug|Any CPU.Build.0 = Debug|Any CPU
		{EA83A21E-AA33-46D1-8CC5-4AC667D44607}.Release|Any CPU.ActiveCfg = Release|Any CPU
		{EA83A21E-AA33-46D1-8CC5-4AC667D44607}.Release|Any CPU.Build.0 = Release|Any CPU
	EndGlobalSection
	GlobalSection(SolutionProperties) = preSolution
		HideSolutionNode = FALSE
	EndGlobalSection
	GlobalSection(ExtensibilityGlobals) = postSolution
		SolutionGuid = {B9B90A8C-1A04-45D8-B02D-51DB5F677590}
	EndGlobalSection
EndGlobal
